{
  "name": "public",
  "version": "1.0.0",
  "lockfileVersion": 1,
  "requires": true,
  "dependencies": {
    "async-limiter": {
      "version": "1.0.0",
      "resolved": "https://registry.npmjs.org/async-limiter/-/async-limiter-1.0.0.tgz",
      "integrity": "sha512-jp/uFnooOiO+L211eZOoSyzpOITMXx1rBITauYykG3BRYPu8h0UcxsPNB04RR5vo4Tyz3+ay17tR6JVf9qzYWg=="
    },
    "base-64": {
      "version": "0.1.0",
      "resolved": "https://registry.npmjs.org/base-64/-/base-64-0.1.0.tgz",
      "integrity": "sha1-eAqZyE59YAJgNhURxId2E78k9rs="
    },
    "clone": {
      "version": "2.1.1",
      "resolved": "https://registry.npmjs.org/clone/-/clone-2.1.1.tgz",
      "integrity": "sha1-0hfR6WERjjrJpLi7oyhVU79kfNs="
    },
    "component-emitter": {
      "version": "1.2.1",
      "resolved": "https://registry.npmjs.org/component-emitter/-/component-emitter-1.2.1.tgz",
      "integrity": "sha1-E3kY1teCg/ffemt8WmPhQOaUJeY="
    },
    "linked-list": {
      "version": "0.1.0",
      "resolved": "https://registry.npmjs.org/linked-list/-/linked-list-0.1.0.tgz",
      "integrity": "sha1-eYsP+X0bkqT9CEgPVa6k6dSdN78="
    },
    "querystring": {
      "version": "0.2.0",
      "resolved": "https://registry.npmjs.org/querystring/-/querystring-0.2.0.tgz",
      "integrity": "sha1-sgmEkgO7Jd+CDadW50cAWHhSFiA="
    },
    "sc-channel": {
      "version": "1.2.0",
      "resolved": "https://registry.npmjs.org/sc-channel/-/sc-channel-1.2.0.tgz",
      "integrity": "sha512-M3gdq8PlKg0zWJSisWqAsMmTVxYRTpVRqw4CWAdKBgAfVKumFcTjoCV0hYu7lgUXccCtCD8Wk9VkkE+IXCxmZA==",
      "requires": {
        "component-emitter": "1.2.1"
      }
    },
    "sc-component-emitter": {
      "version": "1.2.1",
      "resolved": "https://registry.npmjs.org/sc-component-emitter/-/sc-component-emitter-1.2.1.tgz",
      "integrity": "sha512-J6i5olguXbP35MOOjwkqxQzHP2XUValbtLL4Eo/JKp8zeCx17VkfxDCd+dzDKgcgw/Lt7rJOPGXPObulnyaX7A=="
    },
    "sc-errors": {
      "version": "1.4.0",
      "resolved": "https://registry.npmjs.org/sc-errors/-/sc-errors-1.4.0.tgz",
      "integrity": "sha512-h+jRWx/xRJmkPFDd0IltoTl/QJ6hAr5Y+3ZVeBQRLuWZKe+dHdf2uVwFp2OYqlLQ7GHht4y9eXG2zOf2Ik6PTw=="
    },
    "sc-formatter": {
      "version": "3.0.2",
      "resolved": "https://registry.npmjs.org/sc-formatter/-/sc-formatter-3.0.2.tgz",
      "integrity": "sha512-9PbqYBpCq+OoEeRQ3QfFIGE6qwjjBcd2j7UjgDlhnZbtSnuGgHdcRklPKYGuYFH82V/dwd+AIpu8XvA1zqTd+A=="
    },
    "sc-json-stable-stringify": {
      "version": "2.0.0",
      "resolved": "https://registry.npmjs.org/sc-json-stable-stringify/-/sc-json-stable-stringify-2.0.0.tgz",
      "integrity": "sha512-24p2gE5mZr9Lhc34HyHki5+hQXF5so0C9xM4+TVT6gohasKzfQ/fNKngB21e4gJ+mzeam/hE9f055VR/U84iGA=="
    },
    "sc-model": {
      "version": "1.0.0",
      "resolved": "https://registry.npmjs.org/sc-model/-/sc-model-1.0.0.tgz",
      "integrity": "sha512-ZJtKx1kpTVZwYjReR8eOobFN72QkivTkqlL7NqTrcslHKhREWOAvKdJTz/4Iu845G52GYhN/21n7M9LurnPdOQ==",
      "requires": {
        "socketcluster-client-edge": "13.0.2"
      }
    },
    "socketcluster-client": {
      "version": "14.1.0",
      "resolved": "https://registry.npmjs.org/socketcluster-client/-/socketcluster-client-14.1.0.tgz",
      "integrity": "sha512-Uzux62MQVK5ZmYu4I01Svsfiwf1c14i40+G1WlWTdFvVSOn0XZIX5J5FjiJEIRXe9HE/lwoVW0Gc8T2D5kfgBQ==",
      "requires": {
        "base-64": "0.1.0",
        "clone": "2.1.1",
        "component-emitter": "1.2.1",
        "linked-list": "0.1.0",
        "querystring": "0.2.0",
        "sc-channel": "1.2.0",
        "sc-errors": "1.4.0",
        "sc-formatter": "3.0.2",
        "uuid": "3.2.1",
        "ws": "5.1.1"
      }
    },
    "socketcluster-client-edge": {
      "version": "13.0.2",
      "resolved": "https://registry.npmjs.org/socketcluster-client-edge/-/socketcluster-client-edge-13.0.2.tgz",
      "integrity": "sha512-8qelLQwK0oaKe7sU58dhy0UCX/H67nD0gDkYoencqC0d096IWCfkqchXNU2qVYIDwj3icaUz9Ygibtb6SSi7ZA==",
      "requires": {
        "base-64": "0.1.0",
        "clone": "2.1.1",
        "component-emitter": "1.2.1",
        "linked-list": "0.1.0",
        "querystring": "0.2.0",
        "sc-channel": "1.2.0",
        "sc-errors": "1.4.0",
        "sc-formatter": "3.0.2",
        "uuid": "3.2.1",
        "ws": "5.1.1"
      }
    },
    "uuid": {
      "version": "3.2.1",
      "resolved": "https://registry.npmjs.org/uuid/-/uuid-3.2.1.tgz",
      "integrity": "sha512-jZnMwlb9Iku/O3smGWvZhauCf6cvvpKi4BKRiliS3cxnI+Gz9j5MEpTz2UFuXiKPJocb7gnsLHwiS05ige5BEA=="
    },
    "vue": {
      "version": "2.5.17",
      "resolved": "https://registry.npmjs.org/vue/-/vue-2.5.17.tgz",
      "integrity": "sha512-mFbcWoDIJi0w0Za4emyLiW72Jae0yjANHbCVquMKijcavBGypqlF7zHRgMa5k4sesdv7hv2rB4JPdZfR+TPfhQ=="
    },
    "vue-router": {
      "version": "3.0.1",
      "resolved": "https://registry.npmjs.org/vue-router/-/vue-router-3.0.1.tgz",
      "integrity": "sha512-vLLoY452L+JBpALMP5UHum9+7nzR9PeIBCghU9ZtJ1eWm6ieUI8Zb/DI3MYxH32bxkjzYV1LRjNv4qr8d+uX/w=="
    },
    "ws": {
      "version": "5.1.1",
      "resolved": "https://registry.npmjs.org/ws/-/ws-5.1.1.tgz",
      "integrity": "sha512-bOusvpCb09TOBLbpMKszd45WKC2KPtxiyiHanv+H2DE3Az+1db5a/L7sVJZVDPUC1Br8f0SKRr1KjLpD1U/IAw==",
      "requires": {
        "async-limiter": "1.0.0"
      }
    }
  }
}
